
Microsoft Visual Studio Solution File, Format Version 12.00
# Visual Studio 14
VisualStudioVersion = 14.0.25420.1
MinimumVisualStudioVersion = 10.0.40219.1
Project("{2150E333-8FDC-42A3-9474-1A3956D46DE8}") = "Domain", "Domain", "{B96BE94E-B46B-46DA-B12F-5A7CBB4B4E72}"
EndProject
Project("{2150E333-8FDC-42A3-9474-1A3956D46DE8}") = "Infrastructure", "Infrastructure", "{0D191356-3423-4617-A1B1-83EAEC59435D}"
EndProject
Project("{2150E333-8FDC-42A3-9474-1A3956D46DE8}") = "Application", "Application", "{5012B0B4-E6EE-4417-AB88-79D1B378D9C0}"
EndProject
Project("{2150E333-8FDC-42A3-9474-1A3956D46DE8}") = "Web", "Web", "{AF7777E5-A8CB-4FDB-B1DD-870117B1C525}"
EndProject
Project("{8BB2217D-0F2D-49D1-97BC-3654ED321F3B}") = "NHR.Api", "Web\NHR.Api\NHR.Api.xproj", "{D82123B8-4289-48FB-9AE4-3F89DE72D106}"
EndProject
Project("{8BB2217D-0F2D-49D1-97BC-3654ED321F3B}") = "NHR.Entity", "Domain\NHR.Entity\NHR.Entity.xproj", "{31127DC3-0E9A-4832-A98E-A144B5B89C96}"
EndProject
Project("{8BB2217D-0F2D-49D1-97BC-3654ED321F3B}") = "NHR.Common", "Infrastructure\NHR.Common\NHR.Common.xproj", "{93F29A3D-6A8E-4E60-A212-E3F071594FFA}"
EndProject
Project("{8BB2217D-0F2D-49D1-97BC-3654ED321F3B}") = "NHR.Service", "Application\NHR.Service\NHR.Service.xproj", "{9FEF8376-38C8-48D9-AC79-D51E56D62E71}"
EndProject
Project("{8BB2217D-0F2D-49D1-97BC-3654ED321F3B}") = "NHR.IRepository", "Domain\NHR.IRepository\NHR.IRepository.xproj", "{387F8D7B-6199-470F-ABF0-8BE599A14A79}"
EndProject
Project("{8BB2217D-0F2D-49D1-97BC-3654ED321F3B}") = "NHR.Repository", "Domain\NHR.Repository\NHR.Repository.xproj", "{1587B0D7-3D29-4E0C-8DD2-791851E765A4}"
EndProject
Project("{8BB2217D-0F2D-49D1-97BC-3654ED321F3B}") = "NHR.Domain.Service", "Domain\NHR.Domain.Service\NHR.Domain.Service.xproj", "{C5A92FC2-C700-4AAF-AFF6-13C1F13C62C8}"
EndProject
Project("{8BB2217D-0F2D-49D1-97BC-3654ED321F3B}") = "NHR.Config", "Infrastructure\NHR.Config\NHR.Config.xproj", "{AEEC7C2D-2449-459C-AD2F-5C32FD650AB2}"
EndProject
Project("{8BB2217D-0F2D-49D1-97BC-3654ED321F3B}") = "NHR.DTO", "Application\NHR.DTO\NHR.DTO.xproj", "{CEC587DD-3696-4E18-8F63-9BF6590BBFB8}"
EndProject
Project("{2150E333-8FDC-42A3-9474-1A3956D46DE8}") = "Solution Items", "Solution Items", "{C39D0217-2BA9-4B72-9D9B-DCDED19572CE}"
	ProjectSection(SolutionItems) = preProject
		global.json = global.json
	EndProjectSection
EndProject
Global
	GlobalSection(SolutionConfigurationPlatforms) = preSolution
		Debug|Any CPU = Debug|Any CPU
		Release|Any CPU = Release|Any CPU
	EndGlobalSection
	GlobalSection(ProjectConfigurationPlatforms) = postSolution
		{D82123B8-4289-48FB-9AE4-3F89DE72D106}.Debug|Any CPU.ActiveCfg = Debug|Any CPU
		{D82123B8-4289-48FB-9AE4-3F89DE72D106}.Debug|Any CPU.Build.0 = Debug|Any CPU
		{D82123B8-4289-48FB-9AE4-3F89DE72D106}.Release|Any CPU.ActiveCfg = Release|Any CPU
		{D82123B8-4289-48FB-9AE4-3F89DE72D106}.Release|Any CPU.Build.0 = Release|Any CPU
		{31127DC3-0E9A-4832-A98E-A144B5B89C96}.Debug|Any CPU.ActiveCfg = Debug|Any CPU
		{31127DC3-0E9A-4832-A98E-A144B5B89C96}.Debug|Any CPU.Build.0 = Debug|Any CPU
		{31127DC3-0E9A-4832-A98E-A144B5B89C96}.Release|Any CPU.ActiveCfg = Release|Any CPU
		{31127DC3-0E9A-4832-A98E-A144B5B89C96}.Release|Any CPU.Build.0 = Release|Any CPU
		{93F29A3D-6A8E-4E60-A212-E3F071594FFA}.Debug|Any CPU.ActiveCfg = Debug|Any CPU
		{93F29A3D-6A8E-4E60-A212-E3F071594FFA}.Debug|Any CPU.Build.0 = Debug|Any CPU
		{93F29A3D-6A8E-4E60-A212-E3F071594FFA}.Release|Any CPU.ActiveCfg = Release|Any CPU
		{93F29A3D-6A8E-4E60-A212-E3F071594FFA}.Release|Any CPU.Build.0 = Release|Any CPU
		{9FEF8376-38C8-48D9-AC79-D51E56D62E71}.Debug|Any CPU.ActiveCfg = Debug|Any CPU
		{9FEF8376-38C8-48D9-AC79-D51E56D62E71}.Debug|Any CPU.Build.0 = Debug|Any CPU
		{9FEF8376-38C8-48D9-AC79-D51E56D62E71}.Release|Any CPU.ActiveCfg = Release|Any CPU
		{9FEF8376-38C8-48D9-AC79-D51E56D62E71}.Release|Any CPU.Build.0 = Release|Any CPU
		{387F8D7B-6199-470F-ABF0-8BE599A14A79}.Debug|Any CPU.ActiveCfg = Debug|Any CPU
		{387F8D7B-6199-470F-ABF0-8BE599A14A79}.Debug|Any CPU.Build.0 = Debug|Any CPU
		{387F8D7B-6199-470F-ABF0-8BE599A14A79}.Release|Any CPU.ActiveCfg = Release|Any CPU
		{387F8D7B-6199-470F-ABF0-8BE599A14A79}.Release|Any CPU.Build.0 = Release|Any CPU
		{1587B0D7-3D29-4E0C-8DD2-791851E765A4}.Debug|Any CPU.ActiveCfg = Debug|Any CPU
		{1587B0D7-3D29-4E0C-8DD2-791851E765A4}.Debug|Any CPU.Build.0 = Debug|Any CPU
		{1587B0D7-3D29-4E0C-8DD2-791851E765A4}.Release|Any CPU.ActiveCfg = Release|Any CPU
		{1587B0D7-3D29-4E0C-8DD2-791851E765A4}.Release|Any CPU.Build.0 = Release|Any CPU
		{C5A92FC2-C700-4AAF-AFF6-13C1F13C62C8}.Debug|Any CPU.ActiveCfg = Debug|Any CPU
		{C5A92FC2-C700-4AAF-AFF6-13C1F13C62C8}.Debug|Any CPU.Build.0 = Debug|Any CPU
		{C5A92FC2-C700-4AAF-AFF6-13C1F13C62C8}.Release|Any CPU.ActiveCfg = Release|Any CPU
		{C5A92FC2-C700-4AAF-AFF6-13C1F13C62C8}.Release|Any CPU.Build.0 = Release|Any CPU
		{AEEC7C2D-2449-459C-AD2F-5C32FD650AB2}.Debug|Any CPU.ActiveCfg = Debug|Any CPU
		{AEEC7C2D-2449-459C-AD2F-5C32FD650AB2}.Debug|Any CPU.Build.0 = Debug|Any CPU
		{AEEC7C2D-2449-459C-AD2F-5C32FD650AB2}.Release|Any CPU.ActiveCfg = Release|Any CPU
		{AEEC7C2D-2449-459C-AD2F-5C32FD650AB2}.Release|Any CPU.Build.0 = Release|Any CPU
		{CEC587DD-3696-4E18-8F63-9BF6590BBFB8}.Debug|Any CPU.ActiveCfg = Debug|Any CPU
		{CEC587DD-3696-4E18-8F63-9BF6590BBFB8}.Debug|Any CPU.Build.0 = Debug|Any CPU
		{CEC587DD-3696-4E18-8F63-9BF6590BBFB8}.Release|Any CPU.ActiveCfg = Release|Any CPU
		{CEC587DD-3696-4E18-8F63-9BF6590BBFB8}.Release|Any CPU.Build.0 = Release|Any CPU
	EndGlobalSection
	GlobalSection(SolutionProperties) = preSolution
		HideSolutionNode = FALSE
	EndGlobalSection
	GlobalSection(NestedProjects) = preSolution
		{D82123B8-4289-48FB-9AE4-3F89DE72D106} = {AF7777E5-A8CB-4FDB-B1DD-870117B1C525}
		{31127DC3-0E9A-4832-A98E-A144B5B89C96} = {B96BE94E-B46B-46DA-B12F-5A7CBB4B4E72}
		{93F29A3D-6A8E-4E60-A212-E3F071594FFA} = {0D191356-3423-4617-A1B1-83EAEC59435D}
		{9FEF8376-38C8-48D9-AC79-D51E56D62E71} = {5012B0B4-E6EE-4417-AB88-79D1B378D9C0}
		{387F8D7B-6199-470F-ABF0-8BE599A14A79} = {B96BE94E-B46B-46DA-B12F-5A7CBB4B4E72}
		{1587B0D7-3D29-4E0C-8DD2-791851E765A4} = {B96BE94E-B46B-46DA-B12F-5A7CBB4B4E72}
		{C5A92FC2-C700-4AAF-AFF6-13C1F13C62C8} = {B96BE94E-B46B-46DA-B12F-5A7CBB4B4E72}
		{AEEC7C2D-2449-459C-AD2F-5C32FD650AB2} = {0D191356-3423-4617-A1B1-83EAEC59435D}
		{CEC587DD-3696-4E18-8F63-9BF6590BBFB8} = {5012B0B4-E6EE-4417-AB88-79D1B378D9C0}
	EndGlobalSection
EndGlobal
